// !$*UTF8*$!
{
	archiveVersion = 1;
	classes = {
	};
	objectVersion = 48;
	objects = {

/* Begin PBXBuildFile section */
		040C68F9202698E3005F729B /* KeyboardViewController.swift in Sources */ = {isa = PBXBuildFile; fileRef = 040C68F8202698E3005F729B /* KeyboardViewController.swift */; };
		040C68FD202698E3005F729B /* MorseKeyboard.appex in Embed App Extensions */ = {isa = PBXBuildFile; fileRef = 040C68F6202698E3005F729B /* MorseKeyboard.appex */; settings = {ATTRIBUTES = (RemoveHeadersOnCopy, ); }; };
		040C690220269B2E005F729B /* MorseColors.swift in Sources */ = {isa = PBXBuildFile; fileRef = 04512C642015530F0022BDCD /* MorseColors.swift */; };
		040C690320269B2E005F729B /* MorseData.swift in Sources */ = {isa = PBXBuildFile; fileRef = 04512C652015530F0022BDCD /* MorseData.swift */; };
		040C690420269B2E005F729B /* KeyboardButton.swift in Sources */ = {isa = PBXBuildFile; fileRef = 04512C5D201553090022BDCD /* KeyboardButton.swift */; };
		040C690520269B2E005F729B /* MorseKeyboardView.swift in Sources */ = {isa = PBXBuildFile; fileRef = 04512C5E201553090022BDCD /* MorseKeyboardView.swift */; };
		040C690620269B2E005F729B /* MorseKeyboardView.xib in Resources */ = {isa = PBXBuildFile; fileRef = 04512C5F201553090022BDCD /* MorseKeyboardView.xib */; };
		040C690720269B2E005F729B /* Assets.xcassets in Resources */ = {isa = PBXBuildFile; fileRef = 04512C47201545290022BDCD /* Assets.xcassets */; };
		04512C41201545290022BDCD /* AppDelegate.swift in Sources */ = {isa = PBXBuildFile; fileRef = 04512C40201545290022BDCD /* AppDelegate.swift */; };
		04512C43201545290022BDCD /* PracticeViewController.swift in Sources */ = {isa = PBXBuildFile; fileRef = 04512C42201545290022BDCD /* PracticeViewController.swift */; };
		04512C46201545290022BDCD /* Main.storyboard in Resources */ = {isa = PBXBuildFile; fileRef = 04512C44201545290022BDCD /* Main.storyboard */; };
		04512C48201545290022BDCD /* Assets.xcassets in Resources */ = {isa = PBXBuildFile; fileRef = 04512C47201545290022BDCD /* Assets.xcassets */; };
		04512C60201553090022BDCD /* KeyboardButton.swift in Sources */ = {isa = PBXBuildFile; fileRef = 04512C5D201553090022BDCD /* KeyboardButton.swift */; };
		04512C61201553090022BDCD /* MorseKeyboardView.swift in Sources */ = {isa = PBXBuildFile; fileRef = 04512C5E201553090022BDCD /* MorseKeyboardView.swift */; };
		04512C62201553090022BDCD /* MorseKeyboardView.xib in Resources */ = {isa = PBXBuildFile; fileRef = 04512C5F201553090022BDCD /* MorseKeyboardView.xib */; };
		04512C662015530F0022BDCD /* MorseColors.swift in Sources */ = {isa = PBXBuildFile; fileRef = 04512C642015530F0022BDCD /* MorseColors.swift */; };
		04512C672015530F0022BDCD /* MorseData.swift in Sources */ = {isa = PBXBuildFile; fileRef = 04512C652015530F0022BDCD /* MorseData.swift */; };
		18E28E25207409F800F3841C /* LaunchScreen.storyboard in Resources */ = {isa = PBXBuildFile; fileRef = 18E28E24207409F800F3841C /* LaunchScreen.storyboard */; };
		9044AE2248FBA21A26FDA682 /* libPods-MorseKeyboard.a in Frameworks */ = {isa = PBXBuildFile; fileRef = EF2524BCD81F7E9979FB78EA /* libPods-MorseKeyboard.a */; };
		B046C9C7273BA32D001D579F /* CategoryViewController.swift in Sources */ = {isa = PBXBuildFile; fileRef = B046C9C6273BA32D001D579F /* CategoryViewController.swift */; };
		B046C9C8273BA32D001D579F /* CategoryViewController.swift in Sources */ = {isa = PBXBuildFile; fileRef = B046C9C6273BA32D001D579F /* CategoryViewController.swift */; };
		B0DA2F94273B748E00745020 /* Item.swift in Sources */ = {isa = PBXBuildFile; fileRef = B0DA2F93273B748E00745020 /* Item.swift */; };
		B0DA2F95273B748E00745020 /* Item.swift in Sources */ = {isa = PBXBuildFile; fileRef = B0DA2F93273B748E00745020 /* Item.swift */; };
		B0DA2F99273B78CB00745020 /* Category.swift in Sources */ = {isa = PBXBuildFile; fileRef = B0DA2F98273B78CB00745020 /* Category.swift */; };
		B0DA2F9A273B78CB00745020 /* Category.swift in Sources */ = {isa = PBXBuildFile; fileRef = B0DA2F98273B78CB00745020 /* Category.swift */; };
		C10FB0DC5B6DD86AE4DC5F52 /* libPods-MorseCoder.a in Frameworks */ = {isa = PBXBuildFile; fileRef = 35E56BA24C34642C320A43F3 /* libPods-MorseCoder.a */; };
/* End PBXBuildFile section */

/* Begin PBXContainerItemProxy section */
		040C68FB202698E3005F729B /* PBXContainerItemProxy */ = {
			isa = PBXContainerItemProxy;
			containerPortal = 04512C35201545290022BDCD /* Project object */;
			proxyType = 1;
			remoteGlobalIDString = 040C68F5202698E3005F729B;
			remoteInfo = MorseKeyboard;
		};
/* End PBXContainerItemProxy section */

/* Begin PBXCopyFilesBuildPhase section */
		040C6901202698E3005F729B /* Embed App Extensions */ = {
			isa = PBXCopyFilesBuildPhase;
			buildActionMask = 2147483647;
			dstPath = "";
			dstSubfolderSpec = 13;
			files = (
				040C68FD202698E3005F729B /* MorseKeyboard.appex in Embed App Extensions */,
			);
			name = "Embed App Extensions";
			runOnlyForDeploymentPostprocessing = 0;
		};
/* End PBXCopyFilesBuildPhase section */

/* Begin PBXFileReference section */
		040C68F6202698E3005F729B /* MorseKeyboard.appex */ = {isa = PBXFileReference; explicitFileType = "wrapper.app-extension"; includeInIndex = 0; path = MorseKeyboard.appex; sourceTree = BUILT_PRODUCTS_DIR; };
		040C68F8202698E3005F729B /* KeyboardViewController.swift */ = {isa = PBXFileReference; lastKnownFileType = sourcecode.swift; path = KeyboardViewController.swift; sourceTree = "<group>"; };
		040C68FA202698E3005F729B /* Info.plist */ = {isa = PBXFileReference; lastKnownFileType = text.plist.xml; path = Info.plist; sourceTree = "<group>"; };
		04512C3D201545290022BDCD /* MorseCoder.app */ = {isa = PBXFileReference; explicitFileType = wrapper.application; includeInIndex = 0; path = MorseCoder.app; sourceTree = BUILT_PRODUCTS_DIR; };
		04512C40201545290022BDCD /* AppDelegate.swift */ = {isa = PBXFileReference; lastKnownFileType = sourcecode.swift; path = AppDelegate.swift; sourceTree = "<group>"; };
		04512C42201545290022BDCD /* PracticeViewController.swift */ = {isa = PBXFileReference; lastKnownFileType = sourcecode.swift; path = PracticeViewController.swift; sourceTree = "<group>"; };
		04512C45201545290022BDCD /* Base */ = {isa = PBXFileReference; lastKnownFileType = file.storyboard; name = Base; path = Base.lproj/Main.storyboard; sourceTree = "<group>"; };
		04512C47201545290022BDCD /* Assets.xcassets */ = {isa = PBXFileReference; lastKnownFileType = folder.assetcatalog; path = Assets.xcassets; sourceTree = "<group>"; };
		04512C4C201545290022BDCD /* Info.plist */ = {isa = PBXFileReference; lastKnownFileType = text.plist.xml; path = Info.plist; sourceTree = "<group>"; };
		04512C5D201553090022BDCD /* KeyboardButton.swift */ = {isa = PBXFileReference; fileEncoding = 4; lastKnownFileType = sourcecode.swift; path = KeyboardButton.swift; sourceTree = "<group>"; };
		04512C5E201553090022BDCD /* MorseKeyboardView.swift */ = {isa = PBXFileReference; fileEncoding = 4; lastKnownFileType = sourcecode.swift; path = MorseKeyboardView.swift; sourceTree = "<group>"; };
		04512C5F201553090022BDCD /* MorseKeyboardView.xib */ = {isa = PBXFileReference; fileEncoding = 4; lastKnownFileType = file.xib; path = MorseKeyboardView.xib; sourceTree = "<group>"; };
		04512C642015530F0022BDCD /* MorseColors.swift */ = {isa = PBXFileReference; fileEncoding = 4; lastKnownFileType = sourcecode.swift; path = MorseColors.swift; sourceTree = "<group>"; };
		04512C652015530F0022BDCD /* MorseData.swift */ = {isa = PBXFileReference; fileEncoding = 4; lastKnownFileType = sourcecode.swift; path = MorseData.swift; sourceTree = "<group>"; };
		18E28E24207409F800F3841C /* LaunchScreen.storyboard */ = {isa = PBXFileReference; fileEncoding = 4; lastKnownFileType = file.storyboard; path = LaunchScreen.storyboard; sourceTree = "<group>"; };
		35E56BA24C34642C320A43F3 /* libPods-MorseCoder.a */ = {isa = PBXFileReference; explicitFileType = archive.ar; includeInIndex = 0; path = "libPods-MorseCoder.a"; sourceTree = BUILT_PRODUCTS_DIR; };
		466734AC513E0CDEF33BF03E /* Pods-MorseKeyboard.release.xcconfig */ = {isa = PBXFileReference; includeInIndex = 1; lastKnownFileType = text.xcconfig; name = "Pods-MorseKeyboard.release.xcconfig"; path = "Target Support Files/Pods-MorseKeyboard/Pods-MorseKeyboard.release.xcconfig"; sourceTree = "<group>"; };
		58B2216BE5723E888D620230 /* Pods-MorseCoder.debug.xcconfig */ = {isa = PBXFileReference; includeInIndex = 1; lastKnownFileType = text.xcconfig; name = "Pods-MorseCoder.debug.xcconfig"; path = "Target Support Files/Pods-MorseCoder/Pods-MorseCoder.debug.xcconfig"; sourceTree = "<group>"; };
		B046C9C6273BA32D001D579F /* CategoryViewController.swift */ = {isa = PBXFileReference; fileEncoding = 4; lastKnownFileType = sourcecode.swift; path = CategoryViewController.swift; sourceTree = "<group>"; };
		B0DA2F93273B748E00745020 /* Item.swift */ = {isa = PBXFileReference; fileEncoding = 4; lastKnownFileType = sourcecode.swift; path = Item.swift; sourceTree = "<group>"; };
		B0DA2F98273B78CB00745020 /* Category.swift */ = {isa = PBXFileReference; fileEncoding = 4; lastKnownFileType = sourcecode.swift; path = Category.swift; sourceTree = "<group>"; };
		B3E5EFCC3B21EBA3939AEC30 /* Pods-MorseKeyboard.debug.xcconfig */ = {isa = PBXFileReference; includeInIndex = 1; lastKnownFileType = text.xcconfig; name = "Pods-MorseKeyboard.debug.xcconfig"; path = "Target Support Files/Pods-MorseKeyboard/Pods-MorseKeyboard.debug.xcconfig"; sourceTree = "<group>"; };
		C30A575AFE9B26EADA84B659 /* Pods-MorseCoder.release.xcconfig */ = {isa = PBXFileReference; includeInIndex = 1; lastKnownFileType = text.xcconfig; name = "Pods-MorseCoder.release.xcconfig"; path = "Target Support Files/Pods-MorseCoder/Pods-MorseCoder.release.xcconfig"; sourceTree = "<group>"; };
		EF2524BCD81F7E9979FB78EA /* libPods-MorseKeyboard.a */ = {isa = PBXFileReference; explicitFileType = archive.ar; includeInIndex = 0; path = "libPods-MorseKeyboard.a"; sourceTree = BUILT_PRODUCTS_DIR; };
/* End PBXFileReference section */

/* Begin PBXFrameworksBuildPhase section */
		040C68F3202698E3005F729B /* Frameworks */ = {
			isa = PBXFrameworksBuildPhase;
			buildActionMask = 2147483647;
			files = (
				9044AE2248FBA21A26FDA682 /* libPods-MorseKeyboard.a in Frameworks */,
			);
			runOnlyForDeploymentPostprocessing = 0;
		};
		04512C3A201545290022BDCD /* Frameworks */ = {
			isa = PBXFrameworksBuildPhase;
			buildActionMask = 2147483647;
			files = (
				C10FB0DC5B6DD86AE4DC5F52 /* libPods-MorseCoder.a in Frameworks */,
			);
			runOnlyForDeploymentPostprocessing = 0;
		};
/* End PBXFrameworksBuildPhase section */

/* Begin PBXGroup section */
		040C68F7202698E3005F729B /* MorseKeyboard */ = {
			isa = PBXGroup;
			children = (
				040C68F8202698E3005F729B /* KeyboardViewController.swift */,
				040C68FA202698E3005F729B /* Info.plist */,
			);
			path = MorseKeyboard;
			sourceTree = "<group>";
		};
		04512C34201545290022BDCD = {
			isa = PBXGroup;
			children = (
				04512C3F201545290022BDCD /* MorseCoder */,
				040C68F7202698E3005F729B /* MorseKeyboard */,
				04512C3E201545290022BDCD /* Products */,
				1961F2822DF267E77A8C82A1 /* Pods */,
				4B60CC2E1349424F95BB2362 /* Frameworks */,
			);
			sourceTree = "<group>";
		};
		04512C3E201545290022BDCD /* Products */ = {
			isa = PBXGroup;
			children = (
				04512C3D201545290022BDCD /* MorseCoder.app */,
				040C68F6202698E3005F729B /* MorseKeyboard.appex */,
			);
			name = Products;
			sourceTree = "<group>";
		};
		04512C3F201545290022BDCD /* MorseCoder */ = {
			isa = PBXGroup;
			children = (
				04512C40201545290022BDCD /* AppDelegate.swift */,
				04512C42201545290022BDCD /* PracticeViewController.swift */,
				04512C44201545290022BDCD /* Main.storyboard */,
				04512C632015530F0022BDCD /* Data */,
				04512C5C201553090022BDCD /* Views */,
				04512C47201545290022BDCD /* Assets.xcassets */,
				18E28E24207409F800F3841C /* LaunchScreen.storyboard */,
				04512C4C201545290022BDCD /* Info.plist */,
			);
			path = MorseCoder;
			sourceTree = "<group>";
		};
		04512C5C201553090022BDCD /* Views */ = {
			isa = PBXGroup;
			children = (
				B046C9C6273BA32D001D579F /* CategoryViewController.swift */,
				04512C5D201553090022BDCD /* KeyboardButton.swift */,
				04512C5E201553090022BDCD /* MorseKeyboardView.swift */,
				04512C5F201553090022BDCD /* MorseKeyboardView.xib */,
			);
			path = Views;
			sourceTree = "<group>";
		};
		04512C632015530F0022BDCD /* Data */ = {
			isa = PBXGroup;
			children = (
				B0DA2F98273B78CB00745020 /* Category.swift */,
				B0DA2F93273B748E00745020 /* Item.swift */,
				04512C642015530F0022BDCD /* MorseColors.swift */,
				04512C652015530F0022BDCD /* MorseData.swift */,
			);
			path = Data;
			sourceTree = "<group>";
		};
		1961F2822DF267E77A8C82A1 /* Pods */ = {
			isa = PBXGroup;
			children = (
				58B2216BE5723E888D620230 /* Pods-MorseCoder.debug.xcconfig */,
				C30A575AFE9B26EADA84B659 /* Pods-MorseCoder.release.xcconfig */,
				B3E5EFCC3B21EBA3939AEC30 /* Pods-MorseKeyboard.debug.xcconfig */,
				466734AC513E0CDEF33BF03E /* Pods-MorseKeyboard.release.xcconfig */,
			);
			path = Pods;
			sourceTree = "<group>";
		};
		4B60CC2E1349424F95BB2362 /* Frameworks */ = {
			isa = PBXGroup;
			children = (
				35E56BA24C34642C320A43F3 /* libPods-MorseCoder.a */,
				EF2524BCD81F7E9979FB78EA /* libPods-MorseKeyboard.a */,
			);
			name = Frameworks;
			sourceTree = "<group>";
		};
/* End PBXGroup section */

/* Begin PBXNativeTarget section */
		040C68F5202698E3005F729B /* MorseKeyboard */ = {
			isa = PBXNativeTarget;
			buildConfigurationList = 040C6900202698E3005F729B /* Build configuration list for PBXNativeTarget "MorseKeyboard" */;
			buildPhases = (
				21D0454148357FA170014B28 /* [CP] Check Pods Manifest.lock */,
				040C68F2202698E3005F729B /* Sources */,
				040C68F3202698E3005F729B /* Frameworks */,
				040C68F4202698E3005F729B /* Resources */,
			);
			buildRules = (
			);
			dependencies = (
			);
			name = MorseKeyboard;
			productName = MorseKeyboard;
			productReference = 040C68F6202698E3005F729B /* MorseKeyboard.appex */;
			productType = "com.apple.product-type.app-extension";
		};
		04512C3C201545290022BDCD /* MorseCoder */ = {
			isa = PBXNativeTarget;
			buildConfigurationList = 04512C4F201545290022BDCD /* Build configuration list for PBXNativeTarget "MorseCoder" */;
			buildPhases = (
				4020816F23D70AFF55FFABA5 /* [CP] Check Pods Manifest.lock */,
				04512C39201545290022BDCD /* Sources */,
				04512C3A201545290022BDCD /* Frameworks */,
				04512C3B201545290022BDCD /* Resources */,
				040C6901202698E3005F729B /* Embed App Extensions */,
			);
			buildRules = (
			);
			dependencies = (
				040C68FC202698E3005F729B /* PBXTargetDependency */,
			);
			name = MorseCoder;
			productName = MorseCoder;
			productReference = 04512C3D201545290022BDCD /* MorseCoder.app */;
			productType = "com.apple.product-type.application";
		};
/* End PBXNativeTarget section */

/* Begin PBXProject section */
		04512C35201545290022BDCD /* Project object */ = {
			isa = PBXProject;
			attributes = {
				LastSwiftUpdateCheck = 0920;
				LastUpgradeCheck = 0930;
				ORGANIZATIONNAME = razeware;
				TargetAttributes = {
					040C68F5202698E3005F729B = {
						CreatedOnToolsVersion = 9.2;
						ProvisioningStyle = Automatic;
					};
					04512C3C201545290022BDCD = {
						CreatedOnToolsVersion = 9.2;
						ProvisioningStyle = Automatic;
					};
				};
			};
			buildConfigurationList = 04512C38201545290022BDCD /* Build configuration list for PBXProject "MorseCoder" */;
			compatibilityVersion = "Xcode 8.0";
			developmentRegion = en;
			hasScannedForEncodings = 0;
			knownRegions = (
				en,
				Base,
			);
			mainGroup = 04512C34201545290022BDCD;
			productRefGroup = 04512C3E201545290022BDCD /* Products */;
			projectDirPath = "";
			projectRoot = "";
			targets = (
				04512C3C201545290022BDCD /* MorseCoder */,
				040C68F5202698E3005F729B /* MorseKeyboard */,
			);
		};
/* End PBXProject section */

/* Begin PBXResourcesBuildPhase section */
		040C68F4202698E3005F729B /* Resources */ = {
			isa = PBXResourcesBuildPhase;
			buildActionMask = 2147483647;
			files = (
				040C690720269B2E005F729B /* Assets.xcassets in Resources */,
				040C690620269B2E005F729B /* MorseKeyboardView.xib in Resources */,
			);
			runOnlyForDeploymentPostprocessing = 0;
		};
		04512C3B201545290022BDCD /* Resources */ = {
			isa = PBXResourcesBuildPhase;
			buildActionMask = 2147483647;
			files = (
				04512C62201553090022BDCD /* MorseKeyboardView.xib in Resources */,
				18E28E25207409F800F3841C /* LaunchScreen.storyboard in Resources */,
				04512C48201545290022BDCD /* Assets.xcassets in Resources */,
				04512C46201545290022BDCD /* Main.storyboard in Resources */,
			);
			runOnlyForDeploymentPostprocessing = 0;
		};
/* End PBXResourcesBuildPhase section */

/* Begin PBXShellScriptBuildPhase section */
		21D0454148357FA170014B28 /* [CP] Check Pods Manifest.lock */ = {
			isa = PBXShellScriptBuildPhase;
			buildActionMask = 2147483647;
			files = (
			);
			inputFileListPaths = (
			);
			inputPaths = (
				"${PODS_PODFILE_DIR_PATH}/Podfile.lock",
				"${PODS_ROOT}/Manifest.lock",
			);
			name = "[CP] Check Pods Manifest.lock";
			outputFileListPaths = (
			);
			outputPaths = (
				"$(DERIVED_FILE_DIR)/Pods-MorseKeyboard-checkManifestLockResult.txt",
			);
			runOnlyForDeploymentPostprocessing = 0;
			shellPath = /bin/sh;
			shellScript = "diff \"${PODS_PODFILE_DIR_PATH}/Podfile.lock\" \"${PODS_ROOT}/Manifest.lock\" > /dev/null\nif [ $? != 0 ] ; then\n    # print error to STDERR\n    echo \"error: The sandbox is not in sync with the Podfile.lock. Run 'pod install' or update your CocoaPods installation.\" >&2\n    exit 1\nfi\n# This output is used by Xcode 'outputs' to avoid re-running this script phase.\necho \"SUCCESS\" > \"${SCRIPT_OUTPUT_FILE_0}\"\n";
			showEnvVarsInLog = 0;
		};
		4020816F23D70AFF55FFABA5 /* [CP] Check Pods Manifest.lock */ = {
			isa = PBXShellScriptBuildPhase;
			buildActionMask = 2147483647;
			files = (
			);
			inputFileListPaths = (
			);
			inputPaths = (
				"${PODS_PODFILE_DIR_PATH}/Podfile.lock",
				"${PODS_ROOT}/Manifest.lock",
			);
			name = "[CP] Check Pods Manifest.lock";
			outputFileListPaths = (
			);
			outputPaths = (
				"$(DERIVED_FILE_DIR)/Pods-MorseCoder-checkManifestLockResult.txt",
			);
			runOnlyForDeploymentPostprocessing = 0;
			shellPath = /bin/sh;
			shellScript = "diff \"${PODS_PODFILE_DIR_PATH}/Podfile.lock\" \"${PODS_ROOT}/Manifest.lock\" > /dev/null\nif [ $? != 0 ] ; then\n    # print error to STDERR\n    echo \"error: The sandbox is not in sync with the Podfile.lock. Run 'pod install' or update your CocoaPods installation.\" >&2\n    exit 1\nfi\n# This output is used by Xcode 'outputs' to avoid re-running this script phase.\necho \"SUCCESS\" > \"${SCRIPT_OUTPUT_FILE_0}\"\n";
			showEnvVarsInLog = 0;
		};
/* End PBXShellScriptBuildPhase section */

/* Begin PBXSourcesBuildPhase section */
		040C68F2202698E3005F729B /* Sources */ = {
			isa = PBXSourcesBuildPhase;
			buildActionMask = 2147483647;
			files = (
				040C690520269B2E005F729B /* MorseKeyboardView.swift in Sources */,
				040C690420269B2E005F729B /* KeyboardButton.swift in Sources */,
				040C690220269B2E005F729B /* MorseColors.swift in Sources */,
				040C68F9202698E3005F729B /* KeyboardViewController.swift in Sources */,
				B046C9C8273BA32D001D579F /* CategoryViewController.swift in Sources */,
				B0DA2F95273B748E00745020 /* Item.swift in Sources */,
				040C690320269B2E005F729B /* MorseData.swift in Sources */,
				B0DA2F9A273B78CB00745020 /* Category.swift in Sources */,
			);
			runOnlyForDeploymentPostprocessing = 0;
		};
		04512C39201545290022BDCD /* Sources */ = {
			isa = PBXSourcesBuildPhase;
			buildActionMask = 2147483647;
			files = (
				04512C672015530F0022BDCD /* MorseData.swift in Sources */,
				04512C60201553090022BDCD /* KeyboardButton.swift in Sources */,
				04512C61201553090022BDCD /* MorseKeyboardView.swift in Sources */,
				04512C43201545290022BDCD /* PracticeViewController.swift in Sources */,
				B0DA2F94273B748E00745020 /* Item.swift in Sources */,
				04512C662015530F0022BDCD /* MorseColors.swift in Sources */,
				04512C41201545290022BDCD /* AppDelegate.swift in Sources */,
				B046C9C7273BA32D001D579F /* CategoryViewController.swift in Sources */,
				B0DA2F99273B78CB00745020 /* Category.swift in Sources */,
			);
			runOnlyForDeploymentPostprocessing = 0;
		};
/* End PBXSourcesBuildPhase section */

/* Begin PBXTargetDependency section */
		040C68FC202698E3005F729B /* PBXTargetDependency */ = {
			isa = PBXTargetDependency;
			target = 040C68F5202698E3005F729B /* MorseKeyboard */;
			targetProxy = 040C68FB202698E3005F729B /* PBXContainerItemProxy */;
		};
/* End PBXTargetDependency section */

/* Begin PBXVariantGroup section */
		04512C44201545290022BDCD /* Main.storyboard */ = {
			isa = PBXVariantGroup;
			children = (
				04512C45201545290022BDCD /* Base */,
			);
			name = Main.storyboard;
			sourceTree = "<group>";
		};
/* End PBXVariantGroup section */

/* Begin XCBuildConfiguration section */
		040C68FE202698E3005F729B /* Debug */ = {
			isa = XCBuildConfiguration;
			baseConfigurationReference = B3E5EFCC3B21EBA3939AEC30 /* Pods-MorseKeyboard.debug.xcconfig */;
			buildSettings = {
				CODE_SIGN_STYLE = Automatic;
				DEVELOPMENT_TEAM = 48Z4QVLCS5;
				INFOPLIST_FILE = MorseKeyboard/Info.plist;
				LD_RUNPATH_SEARCH_PATHS = "$(inherited) @executable_path/Frameworks @executable_path/../../Frameworks";
				PRODUCT_BUNDLE_IDENTIFIER = com.razeware.MorseCoder.MorseKeyboard;
				PRODUCT_NAME = "$(TARGET_NAME)";
				SKIP_INSTALL = YES;
				SWIFT_VERSION = 4.0;
				TARGETED_DEVICE_FAMILY = "1,2";
			};
			name = Debug;
		};
		040C68FF202698E3005F729B /* Release */ = {
			isa = XCBuildConfiguration;
			baseConfigurationReference = 466734AC513E0CDEF33BF03E /* Pods-MorseKeyboard.release.xcconfig */;
			buildSettings = {
				CODE_SIGN_STYLE = Automatic;
				DEVELOPMENT_TEAM = 48Z4QVLCS5;
				INFOPLIST_FILE = MorseKeyboard/Info.plist;
				LD_RUNPATH_SEARCH_PATHS = "$(inherited) @executable_path/Frameworks @executable_path/../../Frameworks";
				PRODUCT_BUNDLE_IDENTIFIER = com.razeware.MorseCoder.MorseKeyboard;
				PRODUCT_NAME = "$(TARGET_NAME)";
				SKIP_INSTALL = YES;
				SWIFT_VERSION = 4.0;
				TARGETED_DEVICE_FAMILY = "1,2";
			};
			name = Release;
		};
		04512C4D201545290022BDCD /* Debug */ = {
			isa = XCBuildConfiguration;
			buildSettings = {
				ALWAYS_SEARCH_USER_PATHS = NO;
				CLANG_ANALYZER_NONNULL = YES;
				CLANG_ANALYZER_NUMBER_OBJECT_CONVERSION = YES_AGGRESSIVE;
				CLANG_CXX_LANGUAGE_STANDARD = "gnu++14";
				CLANG_CXX_LIBRARY = "libc++";
				CLANG_ENABLE_MODULES = YES;
				CLANG_ENABLE_OBJC_ARC = YES;
				CLANG_WARN_BLOCK_CAPTURE_AUTORELEASING = YES;
				CLANG_WARN_BOOL_CONVERSION = YES;
				CLANG_WARN_COMMA = YES;
				CLANG_WARN_CONSTANT_CONVERSION = YES;
				CLANG_WARN_DEPRECATED_OBJC_IMPLEMENTATIONS = YES;
				CLANG_WARN_DIRECT_OBJC_ISA_USAGE = YES_ERROR;
				CLANG_WARN_DOCUMENTATION_COMMENTS = YES;
				CLANG_WARN_EMPTY_BODY = YES;
				CLANG_WARN_ENUM_CONVERSION = YES;
				CLANG_WARN_INFINITE_RECURSION = YES;
				CLANG_WARN_INT_CONVERSION = YES;
				CLANG_WARN_NON_LITERAL_NULL_CONVERSION = YES;
				CLANG_WARN_OBJC_IMPLICIT_RETAIN_SELF = YES;
				CLANG_WARN_OBJC_LITERAL_CONVERSION = YES;
				CLANG_WARN_OBJC_ROOT_CLASS = YES_ERROR;
				CLANG_WARN_RANGE_LOOP_ANALYSIS = YES;
				CLANG_WARN_STRICT_PROTOTYPES = YES;
				CLANG_WARN_SUSPICIOUS_MOVE = YES;
				CLANG_WARN_UNGUARDED_AVAILABILITY = YES_AGGRESSIVE;
				CLANG_WARN_UNREACHABLE_CODE = YES;
				CLANG_WARN__DUPLICATE_METHOD_MATCH = YES;
				CODE_SIGN_IDENTITY = "iPhone Developer";
				COPY_PHASE_STRIP = NO;
				DEBUG_INFORMATION_FORMAT = dwarf;
				ENABLE_STRICT_OBJC_MSGSEND = YES;
				ENABLE_TESTABILITY = YES;
				GCC_C_LANGUAGE_STANDARD = gnu11;
				GCC_DYNAMIC_NO_PIC = NO;
				GCC_NO_COMMON_BLOCKS = YES;
				GCC_OPTIMIZATION_LEVEL = 0;
				GCC_PREPROCESSOR_DEFINITIONS = (
					"DEBUG=1",
					"$(inherited)",
				);
				GCC_WARN_64_TO_32_BIT_CONVERSION = YES;
				GCC_WARN_ABOUT_RETURN_TYPE = YES_ERROR;
				GCC_WARN_UNDECLARED_SELECTOR = YES;
				GCC_WARN_UNINITIALIZED_AUTOS = YES_AGGRESSIVE;
				GCC_WARN_UNUSED_FUNCTION = YES;
				GCC_WARN_UNUSED_VARIABLE = YES;
				IPHONEOS_DEPLOYMENT_TARGET = 11.2;
				MTL_ENABLE_DEBUG_INFO = YES;
				ONLY_ACTIVE_ARCH = YES;
				SDKROOT = iphoneos;
				SWIFT_ACTIVE_COMPILATION_CONDITIONS = DEBUG;
				SWIFT_OPTIMIZATION_LEVEL = "-Onone";
			};
			name = Debug;
		};
		04512C4E201545290022BDCD /* Release */ = {
			isa = XCBuildConfiguration;
			buildSettings = {
				ALWAYS_SEARCH_USER_PATHS = NO;
				CLANG_ANALYZER_NONNULL = YES;
				CLANG_ANALYZER_NUMBER_OBJECT_CONVERSION = YES_AGGRESSIVE;
				CLANG_CXX_LANGUAGE_STANDARD = "gnu++14";
				CLANG_CXX_LIBRARY = "libc++";
				CLANG_ENABLE_MODULES = YES;
				CLANG_ENABLE_OBJC_ARC = YES;
				CLANG_WARN_BLOCK_CAPTURE_AUTORELEASING = YES;
				CLANG_WARN_BOOL_CONVERSION = YES;
				CLANG_WARN_COMMA = YES;
				CLANG_WARN_CONSTANT_CONVERSION = YES;
				CLANG_WARN_DEPRECATED_OBJC_IMPLEMENTATIONS = YES;
				CLANG_WARN_DIRECT_OBJC_ISA_USAGE = YES_ERROR;
				CLANG_WARN_DOCUMENTATION_COMMENTS = YES;
				CLANG_WARN_EMPTY_BODY = YES;
				CLANG_WARN_ENUM_CONVERSION = YES;
				CLANG_WARN_INFINITE_RECURSION = YES;
				CLANG_WARN_INT_CONVERSION = YES;
				CLANG_WARN_NON_LITERAL_NULL_CONVERSION = YES;
				CLANG_WARN_OBJC_IMPLICIT_RETAIN_SELF = YES;
				CLANG_WARN_OBJC_LITERAL_CONVERSION = YES;
				CLANG_WARN_OBJC_ROOT_CLASS = YES_ERROR;
				CLANG_WARN_RANGE_LOOP_ANALYSIS = YES;
				CLANG_WARN_STRICT_PROTOTYPES = YES;
				CLANG_WARN_SUSPICIOUS_MOVE = YES;
				CLANG_WARN_UNGUARDED_AVAILABILITY = YES_AGGRESSIVE;
				CLANG_WARN_UNREACHABLE_CODE = YES;
				CLANG_WARN__DUPLICATE_METHOD_MATCH = YES;
				CODE_SIGN_IDENTITY = "iPhone Developer";
				COPY_PHASE_STRIP = NO;
				DEBUG_INFORMATION_FORMAT = "dwarf-with-dsym";
				ENABLE_NS_ASSERTIONS = NO;
				ENABLE_STRICT_OBJC_MSGSEND = YES;
				GCC_C_LANGUAGE_STANDARD = gnu11;
				GCC_NO_COMMON_BLOCKS = YES;
				GCC_WARN_64_TO_32_BIT_CONVERSION = YES;
				GCC_WARN_ABOUT_RETURN_TYPE = YES_ERROR;
				GCC_WARN_UNDECLARED_SELECTOR = YES;
				GCC_WARN_UNINITIALIZED_AUTOS = YES_AGGRESSIVE;
				GCC_WARN_UNUSED_FUNCTION = YES;
				GCC_WARN_UNUSED_VARIABLE = YES;
				IPHONEOS_DEPLOYMENT_TARGET = 11.2;
				MTL_ENABLE_DEBUG_INFO = NO;
				SDKROOT = iphoneos;
				SWIFT_OPTIMIZATION_LEVEL = "-Owholemodule";
				VALIDATE_PRODUCT = YES;
			};
			name = Release;
		};
		04512C50201545290022BDCD /* Debug */ = {
			isa = XCBuildConfiguration;
			baseConfigurationReference = 58B2216BE5723E888D620230 /* Pods-MorseCoder.debug.xcconfig */;
			buildSettings = {
				ALWAYS_EMBED_SWIFT_STANDARD_LIBRARIES = YES;
				ASSETCATALOG_COMPILER_APPICON_NAME = AppIcon;
				CODE_SIGN_STYLE = Automatic;
				DEVELOPMENT_TEAM = 48Z4QVLCS5;
				INFOPLIST_FILE = MorseCoder/Info.plist;
				LD_RUNPATH_SEARCH_PATHS = "$(inherited) @executable_path/Frameworks";
				PRODUCT_BUNDLE_IDENTIFIER = com.razeware.MorseCoder;
				PRODUCT_NAME = "$(TARGET_NAME)";
				SWIFT_VERSION = 4.0;
				TARGETED_DEVICE_FAMILY = "1,2";
			};
			name = Debug;
		};
		04512C51201545290022BDCD /* Release */ = {
			isa = XCBuildConfiguration;
			baseConfigurationReference = C30A575AFE9B26EADA84B659 /* Pods-MorseCoder.release.xcconfig */;
			buildSettings = {
				ALWAYS_EMBED_SWIFT_STANDARD_LIBRARIES = YES;
				ASSETCATALOG_COMPILER_APPICON_NAME = AppIcon;
				CODE_SIGN_STYLE = Automatic;
				DEVELOPMENT_TEAM = 48Z4QVLCS5;
				INFOPLIST_FILE = MorseCoder/Info.plist;
				LD_RUNPATH_SEARCH_PATHS = "$(inherited) @executable_path/Frameworks";
				PRODUCT_BUNDLE_IDENTIFIER = com.razeware.MorseCoder;
				PRODUCT_NAME = "$(TARGET_NAME)";
				SWIFT_VERSION = 4.0;
				TARGETED_DEVICE_FAMILY = "1,2";
			};
			name = Release;
		};
/* End XCBuildConfiguration section */

/* Begin XCConfigurationList section */
		040C6900202698E3005F729B /* Build configuration list for PBXNativeTarget "MorseKeyboard" */ = {
			isa = XCConfigurationList;
			buildConfigurations = (
				040C68FE202698E3005F729B /* Debug */,
				040C68FF202698E3005F729B /* Release */,
			);
			defaultConfigurationIsVisible = 0;
			defaultConfigurationName = Release;
		};
		04512C38201545290022BDCD /* Build configuration list for PBXProject "MorseCoder" */ = {
			isa = XCConfigurationList;
			buildConfigurations = (
				04512C4D201545290022BDCD /* Debug */,
				04512C4E201545290022BDCD /* Release */,
			);
			defaultConfigurationIsVisible = 0;
			defaultConfigurationName = Release;
		};
		04512C4F201545290022BDCD /* Build configuration list for PBXNativeTarget "MorseCoder" */ = {
			isa = XCConfigurationList;
			buildConfigurations = (
				04512C50201545290022BDCD /* Debug */,
				04512C51201545290022BDCD /* Release */,
			);
			defaultConfigurationIsVisible = 0;
			defaultConfigurationName = Release;
		};
/* End XCConfigurationList section */
	};
	rootObject = 04512C35201545290022BDCD /* Project object */;
}
